{
    "_readme": [
        "This file locks the dependencies of your project to a known state",
        "Read more about it at https://getcomposer.org/doc/01-basic-usage.md#installing-dependencies",
        "This file is @generated automatically"
    ],
    "content-hash": "e80f355878246aa3d6af16d6486fdc7d",
    "packages": [
        {
            "name": "phpmailer/phpmailer",
            "version": "dev-master",
            "source": {
                "type": "git",
                "url": "https://github.com/PHPMailer/PHPMailer.git",
                "reference": "028aceea3da6c45c99fc8dc62fb92e2d90faa2d8"
            },
            "dist": {
                "type": "zip",
                "url": "https://api.github.com/repos/PHPMailer/PHPMailer/zipball/028aceea3da6c45c99fc8dc62fb92e2d90faa2d8",
                "reference": "028aceea3da6c45c99fc8dc62fb92e2d90faa2d8",
                "shasum": ""
            },
            "require": {
                "ext-ctype": "*",
                "ext-filter": "*",
                "php": ">=5.5.0"
            },
            "require-dev": {
                "doctrine/annotations": "1.2.*",
                "friendsofphp/php-cs-fixer": "^2.2",
                "phpdocumentor/phpdocumentor": "2.*",
                "phpunit/phpunit": "^4.8 || ^5.7",
                "zendframework/zend-eventmanager": "3.0.*",
                "zendframework/zend-i18n": "2.7.3",
                "zendframework/zend-serializer": "2.7.*"
            },
            "suggest": {
                "ext-mbstring": "Needed to send email in multibyte encoding charset",
                "hayageek/oauth2-yahoo": "Needed for Yahoo XOAUTH2 authentication",
                "league/oauth2-google": "Needed for Google XOAUTH2 authentication",
                "psr/log": "For optional PSR-3 debug logging",
                "stevenmaguire/oauth2-microsoft": "Needed for Microsoft XOAUTH2 authentication",
                "symfony/polyfill-mbstring": "To support UTF-8 if the Mbstring PHP extension is not enabled (^1.2)"
            },
            "type": "library",
            "autoload": {
                "psr-4": {
                    "PHPMailer\\PHPMailer\\": "src/"
                }
            },
            "notification-url": "https://packagist.org/downloads/",
            "license": [
                "LGPL-2.1"
            ],
            "authors": [
                {
                    "name": "Jim Jagielski",
                    "email": "jimjag@gmail.com"
                },
                {
                    "name": "Marcus Bointon",
                    "email": "phpmailer@synchromedia.co.uk"
                },
                {
                    "name": "Andy Prevost",
                    "email": "codeworxtech@users.sourceforge.net"
                },
                {
                    "name": "Brent R. Matzelle"
                }
            ],
            "description": "PHPMailer is a full-featured email creation and transfer class for PHP",
            "time": "2018-11-16T13:18:48+00:00"
        },
        {
            "name": "terranc/blade",
            "version": "0.1.0",
            "source": {
                "type": "git",
                "url": "https://github.com/terranc/blade.git",
                "reference": "e6a879aaa1b45c7f779a69d4831db2f7e6d66e73"
            },
            "dist": {
                "type": "zip",
                "url": "https://api.github.com/repos/terranc/blade/zipball/e6a879aaa1b45c7f779a69d4831db2f7e6d66e73",
                "reference": "e6a879aaa1b45c7f779a69d4831db2f7e6d66e73",
                "shasum": ""
            },
            "require": {
                "php": ">=5.4.0"
            },
            "type": "library",
            "autoload": {
                "files": [
                    "src/helpers.php"
                ],
                "psr-4": {
                    "terranc\\Blade\\": "src/"
                }
            },
            "notification-url": "https://packagist.org/downloads/",
            "license": [
                "MIT"
            ],
            "authors": [
                {
                    "name": "terranc",
                    "email": "terran.chao@lookfeel.co"
                }
            ],
            "description": "an independent version of laravel view template - blade",
            "homepage": "http://0x1.im",
            "time": "2017-02-04T05:29:43+00:00"
        },
        {
            "name": "terranc/think-blade",
            "version": "dev-master",
            "source": {
                "type": "git",
                "url": "https://github.com/terranc/think-blade.git",
                "reference": "8ac6c7bbaaa204432e0537b38f1aae58421ee0da"
            },
            "dist": {
                "type": "zip",
                "url": "https://api.github.com/repos/terranc/think-blade/zipball/8ac6c7bbaaa204432e0537b38f1aae58421ee0da",
                "reference": "8ac6c7bbaaa204432e0537b38f1aae58421ee0da",
                "shasum": ""
            },
            "require": {
                "php": ">=5.4.0",
                "terranc/blade": "^0.1"
            },
            "type": "library",
            "autoload": {
                "classmap": [
                    {
                        "think\\view\\driver\\Blade": "drivers/thinkphp5/Blade.php"
                    }
                ]
            },
            "notification-url": "https://packagist.org/downloads/",
            "license": [
                "Apache-2.0"
            ],
            "authors": [
                {
                    "name": "terranc",
                    "email": "terran.chao@lookfeel.co"
                }
            ],
            "description": "think blade view engine",
            "time": "2018-10-31T03:48:32+00:00"
        },
        {
            "name": "topthink/framework",
            "version": "dev-master",
            "source": {
                "type": "git",
                "url": "https://github.com/top-think/framework.git",
                "reference": "8a52dd232fcac998d393d05b1246e0f54bdc9dcb"
            },
            "dist": {
                "type": "zip",
                "url": "https://api.github.com/repos/top-think/framework/zipball/8a52dd232fcac998d393d05b1246e0f54bdc9dcb",
                "reference": "8a52dd232fcac998d393d05b1246e0f54bdc9dcb",
                "shasum": ""
            },
            "require": {
                "php": ">=5.4.0",
                "topthink/think-installer": "~1.0"
            },
            "require-dev": {
                "johnkary/phpunit-speedtrap": "^1.0",
                "mikey179/vfsstream": "~1.6",
                "phpdocumentor/reflection-docblock": "^2.0",
                "phploc/phploc": "2.*",
                "phpunit/phpunit": "4.8.*",
                "sebastian/phpcpd": "2.*"
            },
            "type": "think-framework",
            "autoload": {
                "psr-4": {
                    "think\\": "library/think"
                }
            },
            "notification-url": "https://packagist.org/downloads/",
            "license": [
                "Apache-2.0"
            ],
            "authors": [
                {
                    "name": "liu21st",
                    "email": "liu21st@gmail.com"
                }
            ],
            "description": "the new thinkphp framework",
            "homepage": "http://thinkphp.cn/",
            "keywords": [
                "framework",
                "orm",
                "thinkphp"
            ],
            "time": "2017-07-18T08:19:42+00:00"
        },
        {
            "name": "topthink/think-image",
            "version": "dev-master",
            "source": {
                "type": "git",
                "url": "https://github.com/top-think/think-image.git",
                "reference": "87c2946a0e0f45cc438462415ced38a0799847ef"
            },
            "dist": {
                "type": "zip",
                "url": "https://api.github.com/repos/top-think/think-image/zipball/87c2946a0e0f45cc438462415ced38a0799847ef",
                "reference": "87c2946a0e0f45cc438462415ced38a0799847ef",
                "shasum": ""
            },
            "require": {
                "ext-gd": "*"
            },
            "require-dev": {
                "phpunit/phpunit": "4.8.*",
                "topthink/framework": "^5.0"
            },
            "type": "library",
            "autoload": {
                "psr-4": {
                    "think\\": "src"
                }
            },
            "notification-url": "https://packagist.org/downloads/",
            "license": [
                "Apache-2.0"
            ],
            "authors": [
                {
                    "name": "yunwuxin",
                    "email": "448901948@qq.com"
                }
            ],
            "description": "The ThinkPHP5 Image Package",
            "time": "2017-12-18T03:09:47+00:00"
        },
        {
            "name": "topthink/think-installer",
            "version": "v1.0.12",
            "source": {
                "type": "git",
                "url": "https://github.com/top-think/think-installer.git",
                "reference": "1be326e68f63de4e95977ed50f46ae75f017556d"
            },
            "dist": {
                "type": "zip",
                "url": "https://api.github.com/repos/top-think/think-installer/zipball/1be326e68f63de4e95977ed50f46ae75f017556d",
                "reference": "1be326e68f63de4e95977ed50f46ae75f017556d",
                "shasum": ""
            },
            "require": {
                "composer-plugin-api": "^1.0"
            },
            "require-dev": {
                "composer/composer": "1.0.*@dev"
            },
            "type": "composer-plugin",
            "extra": {
                "class": "think\\composer\\Plugin"
            },
            "autoload": {
                "psr-4": {
                    "think\\composer\\": "src"
                }
            },
            "notification-url": "https://packagist.org/downloads/",
            "license": [
                "Apache-2.0"
            ],
            "authors": [
                {
                    "name": "yunwuxin",
                    "email": "448901948@qq.com"
                }
            ],
            "time": "2017-05-27T06:58:09+00:00"
        }
    ],
    "packages-dev": [],
    "aliases": [],
    "minimum-stability": "dev",
    "stability-flags": {
        "topthink/think-image": 20,
        "phpmailer/phpmailer": 20,
        "terranc/think-blade": 20
    },
    "prefer-stable": false,
    "prefer-lowest": false,
    "platform": {
        "php": ">=5.4.0"
    },
    "platform-dev": []
}
